
Microsoft Visual Studio Solution File, Format Version 12.00
# Visual Studio Version 16
VisualStudioVersion = 16.0.30717.126
MinimumVisualStudioVersion = 10.0.40219.1
Project("{9A19103F-16F7-4668-BE54-9A1E7A4F7556}") = "WorldCities.Tests", "WorldCities.Tests\WorldCities.Tests.csproj", "{B477D9D4-06EF-4204-8991-0ECD7E36B8F0}"
EndProject
Project("{9A19103F-16F7-4668-BE54-9A1E7A4F7556}") = "WorldCities.Angular", "WorldCities.Angular\WorldCities.Angular.csproj", "{FDC7C81B-CCC4-46F3-89CC-A715C812DE0C}"
EndProject
Global
	GlobalSection(SolutionConfigurationPlatforms) = preSolution
		Debug|Any CPU = Debug|Any CPU
		Release|Any CPU = Release|Any CPU
	EndGlobalSection
	GlobalSection(ProjectConfigurationPlatforms) = postSolution
		{B477D9D4-06EF-4204-8991-0ECD7E36B8F0}.Debug|Any CPU.ActiveCfg = Debug|Any CPU
		{B477D9D4-06EF-4204-8991-0ECD7E36B8F0}.Debug|Any CPU.Build.0 = Debug|Any CPU
		{B477D9D4-06EF-4204-8991-0ECD7E36B8F0}.Release|Any CPU.ActiveCfg = Release|Any CPU
		{B477D9D4-06EF-4204-8991-0ECD7E36B8F0}.Release|Any CPU.Build.0 = Release|Any CPU
		{FDC7C81B-CCC4-46F3-89CC-A715C812DE0C}.Debug|Any CPU.ActiveCfg = Debug|Any CPU
		{FDC7C81B-CCC4-46F3-89CC-A715C812DE0C}.Debug|Any CPU.Build.0 = Debug|Any CPU
		{FDC7C81B-CCC4-46F3-89CC-A715C812DE0C}.Release|Any CPU.ActiveCfg = Release|Any CPU
		{FDC7C81B-CCC4-46F3-89CC-A715C812DE0C}.Release|Any CPU.Build.0 = Release|Any CPU
	EndGlobalSection
	GlobalSection(SolutionProperties) = preSolution
		HideSolutionNode = FALSE
	EndGlobalSection
	GlobalSection(ExtensibilityGlobals) = postSolution
		SolutionGuid = {8D9FDDCD-8A94-48F2-B85A-53192FCE5683}
	EndGlobalSection
EndGlobal
